
Microsoft Visual Studio Solution File, Format Version 12.00
# Visual Studio Version 16
VisualStudioVersion = 16.0.29613.14
MinimumVisualStudioVersion = 10.0.40219.1
Project("{FAE04EC0-301F-11D3-BF4B-00C04F79EFBC}") = "PichiUma", "PichiUma\PichiUma.csproj", "{602B5806-BDAC-46BC-B053-96D38FF2FF47}"
EndProject
Global
	GlobalSection(SolutionConfigurationPlatforms) = preSolution
		Debug|Any CPU = Debug|Any CPU
		Release|Any CPU = Release|Any CPU
	EndGlobalSection
	GlobalSection(ProjectConfigurationPlatforms) = postSolution
		{602B5806-BDAC-46BC-B053-96D38FF2FF47}.Debug|Any CPU.ActiveCfg = Debug|Any CPU
		{602B5806-BDAC-46BC-B053-96D38FF2FF47}.Debug|Any CPU.Build.0 = Debug|Any CPU
		{602B5806-BDAC-46BC-B053-96D38FF2FF47}.Release|Any CPU.ActiveCfg = Release|Any CPU
		{602B5806-BDAC-46BC-B053-96D38FF2FF47}.Release|Any CPU.Build.0 = Release|Any CPU
	EndGlobalSection
	GlobalSection(SolutionProperties) = preSolution
		HideSolutionNode = FALSE
	EndGlobalSection
	GlobalSection(ExtensibilityGlobals) = postSolution
		SolutionGuid = {C0070902-E548-45B3-A445-719D8E081E51}
	EndGlobalSection
EndGlobal
